
Microsoft Visual Studio Solution File, Format Version 12.00
# Visual Studio Version 17
VisualStudioVersion = 17.6.33829.357
MinimumVisualStudioVersion = 10.0.40219.1
Project("{FAE04EC0-301F-11D3-BF4B-00C04F79EFBC}") = "TCTechInterview", "TCTechInterview\TCTechInterview.csproj", "{5E957B46-2F84-43FB-BDB7-2E8326383D6C}"
EndProject
Global
	GlobalSection(SolutionConfigurationPlatforms) = preSolution
		Debug|Any CPU = Debug|Any CPU
		Release|Any CPU = Release|Any CPU
	EndGlobalSection
	GlobalSection(ProjectConfigurationPlatforms) = postSolution
		{5E957B46-2F84-43FB-BDB7-2E8326383D6C}.Debug|Any CPU.ActiveCfg = Debug|Any CPU
		{5E957B46-2F84-43FB-BDB7-2E8326383D6C}.Debug|Any CPU.Build.0 = Debug|Any CPU
		{5E957B46-2F84-43FB-BDB7-2E8326383D6C}.Release|Any CPU.ActiveCfg = Release|Any CPU
		{5E957B46-2F84-43FB-BDB7-2E8326383D6C}.Release|Any CPU.Build.0 = Release|Any CPU
	EndGlobalSection
	GlobalSection(SolutionProperties) = preSolution
		HideSolutionNode = FALSE
	EndGlobalSection
	GlobalSection(ExtensibilityGlobals) = postSolution
		SolutionGuid = {0CAA4191-00DE-44E0-AB9E-C16392DD39C8}
	EndGlobalSection
EndGlobal
